// !$*UTF8*$!
{
	archiveVersion = 1;
	classes = {
	};
	objectVersion = 46;
	objects = {

/* Begin PBXBuildFile section */
		F3AF8ADC19081D36000DA874 /* Foundation.framework in Frameworks */ = {isa = PBXBuildFile; fileRef = F3AF8ADB19081D36000DA874 /* Foundation.framework */; };
		F3AF8ADE19081D36000DA874 /* CoreGraphics.framework in Frameworks */ = {isa = PBXBuildFile; fileRef = F3AF8ADD19081D36000DA874 /* CoreGraphics.framework */; };
		F3AF8AE019081D37000DA874 /* UIKit.framework in Frameworks */ = {isa = PBXBuildFile; fileRef = F3AF8ADF19081D37000DA874 /* UIKit.framework */; };
		F3AF8AE619081D37000DA874 /* InfoPlist.strings in Resources */ = {isa = PBXBuildFile; fileRef = F3AF8AE419081D37000DA874 /* InfoPlist.strings */; };
		F3AF8AE819081D37000DA874 /* main.m in Sources */ = {isa = PBXBuildFile; fileRef = F3AF8AE719081D37000DA874 /* main.m */; };
		F3AF8AEC19081D37000DA874 /* AppDelegate.m in Sources */ = {isa = PBXBuildFile; fileRef = F3AF8AEB19081D37000DA874 /* AppDelegate.m */; };
		F3AF8AEF19081D37000DA874 /* Main_iPhone.storyboard in Resources */ = {isa = PBXBuildFile; fileRef = F3AF8AED19081D37000DA874 /* Main_iPhone.storyboard */; };
		F3AF8AF219081D37000DA874 /* Main_iPad.storyboard in Resources */ = {isa = PBXBuildFile; fileRef = F3AF8AF019081D37000DA874 /* Main_iPad.storyboard */; };
		F3AF8AF519081D37000DA874 /* ViewController.m in Sources */ = {isa = PBXBuildFile; fileRef = F3AF8AF419081D37000DA874 /* ViewController.m */; };
		F3AF8AF719081D37000DA874 /* Images.xcassets in Resources */ = {isa = PBXBuildFile; fileRef = F3AF8AF619081D37000DA874 /* Images.xcassets */; };
		F3AF8AFE19081D37000DA874 /* XCTest.framework in Frameworks */ = {isa = PBXBuildFile; fileRef = F3AF8AFD19081D37000DA874 /* XCTest.framework */; };
		F3AF8AFF19081D37000DA874 /* Foundation.framework in Frameworks */ = {isa = PBXBuildFile; fileRef = F3AF8ADB19081D36000DA874 /* Foundation.framework */; };
		F3AF8B0019081D37000DA874 /* UIKit.framework in Frameworks */ = {isa = PBXBuildFile; fileRef = F3AF8ADF19081D37000DA874 /* UIKit.framework */; };
		F3AF8B0819081D37000DA874 /* InfoPlist.strings in Resources */ = {isa = PBXBuildFile; fileRef = F3AF8B0619081D37000DA874 /* InfoPlist.strings */; };
		F3AF8B0A19081D37000DA874 /* TraxiTests.m in Sources */ = {isa = PBXBuildFile; fileRef = F3AF8B0919081D37000DA874 /* TraxiTests.m */; };
/* End PBXBuildFile section */

/* Begin PBXContainerItemProxy section */
		F3AF8B0119081D37000DA874 /* PBXContainerItemProxy */ = {
			isa = PBXContainerItemProxy;
			containerPortal = F3AF8AD019081D36000DA874 /* Project object */;
			proxyType = 1;
			remoteGlobalIDString = F3AF8AD719081D36000DA874;
			remoteInfo = Traxi;
		};
/* End PBXContainerItemProxy section */

/* Begin PBXFileReference section */
		F3AF8AD819081D36000DA874 /* Traxi.app */ = {isa = PBXFileReference; explicitFileType = wrapper.application; includeInIndex = 0; path = Traxi.app; sourceTree = BUILT_PRODUCTS_DIR; };
		F3AF8ADB19081D36000DA874 /* Foundation.framework */ = {isa = PBXFileReference; lastKnownFileType = wrapper.framework; name = Foundation.framework; path = System/Library/Frameworks/Foundation.framework; sourceTree = SDKROOT; };
		F3AF8ADD19081D36000DA874 /* CoreGraphics.framework */ = {isa = PBXFileReference; lastKnownFileType = wrapper.framework; name = CoreGraphics.framework; path = System/Library/Frameworks/CoreGraphics.framework; sourceTree = SDKROOT; };
		F3AF8ADF19081D37000DA874 /* UIKit.framework */ = {isa = PBXFileReference; lastKnownFileType = wrapper.framework; name = UIKit.framework; path = System/Library/Frameworks/UIKit.framework; sourceTree = SDKROOT; };
		F3AF8AE319081D37000DA874 /* Traxi-Info.plist */ = {isa = PBXFileReference; lastKnownFileType = text.plist.xml; path = "Traxi-Info.plist"; sourceTree = "<group>"; };
		F3AF8AE519081D37000DA874 /* en */ = {isa = PBXFileReference; lastKnownFileType = text.plist.strings; name = en; path = en.lproj/InfoPlist.strings; sourceTree = "<group>"; };
		F3AF8AE719081D37000DA874 /* main.m */ = {isa = PBXFileReference; lastKnownFileType = sourcecode.c.objc; path = main.m; sourceTree = "<group>"; };
		F3AF8AE919081D37000DA874 /* Traxi-Prefix.pch */ = {isa = PBXFileReference; lastKnownFileType = sourcecode.c.h; path = "Traxi-Prefix.pch"; sourceTree = "<group>"; };
		F3AF8AEA19081D37000DA874 /* AppDelegate.h */ = {isa = PBXFileReference; lastKnownFileType = sourcecode.c.h; path = AppDelegate.h; sourceTree = "<group>"; };
		F3AF8AEB19081D37000DA874 /* AppDelegate.m */ = {isa = PBXFileReference; lastKnownFileType = sourcecode.c.objc; path = AppDelegate.m; sourceTree = "<group>"; };
		F3AF8AEE19081D37000DA874 /* Base */ = {isa = PBXFileReference; lastKnownFileType = file.storyboard; name = Base; path = Base.lproj/Main_iPhone.storyboard; sourceTree = "<group>"; };
		F3AF8AF119081D37000DA874 /* Base */ = {isa = PBXFileReference; lastKnownFileType = file.storyboard; name = Base; path = Base.lproj/Main_iPad.storyboard; sourceTree = "<group>"; };
		F3AF8AF319081D37000DA874 /* ViewController.h */ = {isa = PBXFileReference; lastKnownFileType = sourcecode.c.h; path = ViewController.h; sourceTree = "<group>"; };
		F3AF8AF419081D37000DA874 /* ViewController.m */ = {isa = PBXFileReference; lastKnownFileType = sourcecode.c.objc; path = ViewController.m; sourceTree = "<group>"; };
		F3AF8AF619081D37000DA874 /* Images.xcassets */ = {isa = PBXFileReference; lastKnownFileType = folder.assetcatalog; path = Images.xcassets; sourceTree = "<group>"; };
		F3AF8AFC19081D37000DA874 /* TraxiTests.xctest */ = {isa = PBXFileReference; explicitFileType = wrapper.cfbundle; includeInIndex = 0; path = TraxiTests.xctest; sourceTree = BUILT_PRODUCTS_DIR; };
		F3AF8AFD19081D37000DA874 /* XCTest.framework */ = {isa = PBXFileReference; lastKnownFileType = wrapper.framework; name = XCTest.framework; path = Library/Frameworks/XCTest.framework; sourceTree = DEVELOPER_DIR; };
		F3AF8B0519081D37000DA874 /* TraxiTests-Info.plist */ = {isa = PBXFileReference; lastKnownFileType = text.plist.xml; path = "TraxiTests-Info.plist"; sourceTree = "<group>"; };
		F3AF8B0719081D37000DA874 /* en */ = {isa = PBXFileReference; lastKnownFileType = text.plist.strings; name = en; path = en.lproj/InfoPlist.strings; sourceTree = "<group>"; };
		F3AF8B0919081D37000DA874 /* TraxiTests.m */ = {isa = PBXFileReference; lastKnownFileType = sourcecode.c.objc; path = TraxiTests.m; sourceTree = "<group>"; };
/* End PBXFileReference section */

/* Begin PBXFrameworksBuildPhase section */
		F3AF8AD519081D36000DA874 /* Frameworks */ = {
			isa = PBXFrameworksBuildPhase;
			buildActionMask = 2147483647;
			files = (
				F3AF8ADE19081D36000DA874 /* CoreGraphics.framework in Frameworks */,
				F3AF8AE019081D37000DA874 /* UIKit.framework in Frameworks */,
				F3AF8ADC19081D36000DA874 /* Foundation.framework in Frameworks */,
			);
			runOnlyForDeploymentPostprocessing = 0;
		};
		F3AF8AF919081D37000DA874 /* Frameworks */ = {
			isa = PBXFrameworksBuildPhase;
			buildActionMask = 2147483647;
			files = (
				F3AF8AFE19081D37000DA874 /* XCTest.framework in Frameworks */,
				F3AF8B0019081D37000DA874 /* UIKit.framework in Frameworks */,
				F3AF8AFF19081D37000DA874 /* Foundation.framework in Frameworks */,
			);
			runOnlyForDeploymentPostprocessing = 0;
		};
/* End PBXFrameworksBuildPhase section */

/* Begin PBXGroup section */
		F3AF8ACF19081D36000DA874 = {
			isa = PBXGroup;
			children = (
				F3AF8AE119081D37000DA874 /* Traxi */,
				F3AF8B0319081D37000DA874 /* TraxiTests */,
				F3AF8ADA19081D36000DA874 /* Frameworks */,
				F3AF8AD919081D36000DA874 /* Products */,
			);
			sourceTree = "<group>";
		};
		F3AF8AD919081D36000DA874 /* Products */ = {
			isa = PBXGroup;
			children = (
				F3AF8AD819081D36000DA874 /* Traxi.app */,
				F3AF8AFC19081D37000DA874 /* TraxiTests.xctest */,
			);
			name = Products;
			sourceTree = "<group>";
		};
		F3AF8ADA19081D36000DA874 /* Frameworks */ = {
			isa = PBXGroup;
			children = (
				F3AF8ADB19081D36000DA874 /* Foundation.framework */,
				F3AF8ADD19081D36000DA874 /* CoreGraphics.framework */,
				F3AF8ADF19081D37000DA874 /* UIKit.framework */,
				F3AF8AFD19081D37000DA874 /* XCTest.framework */,
			);
			name = Frameworks;
			sourceTree = "<group>";
		};
		F3AF8AE119081D37000DA874 /* Traxi */ = {
			isa = PBXGroup;
			children = (
				F3AF8AEA19081D37000DA874 /* AppDelegate.h */,
				F3AF8AEB19081D37000DA874 /* AppDelegate.m */,
				F3AF8AED19081D37000DA874 /* Main_iPhone.storyboard */,
				F3AF8AF019081D37000DA874 /* Main_iPad.storyboard */,
				F3AF8AF319081D37000DA874 /* ViewController.h */,
				F3AF8AF419081D37000DA874 /* ViewController.m */,
				F3AF8AF619081D37000DA874 /* Images.xcassets */,
				F3AF8AE219081D37000DA874 /* Supporting Files */,
			);
			path = Traxi;
			sourceTree = "<group>";
		};
		F3AF8AE219081D37000DA874 /* Supporting Files */ = {
			isa = PBXGroup;
			children = (
				F3AF8AE319081D37000DA874 /* Traxi-Info.plist */,
				F3AF8AE419081D37000DA874 /* InfoPlist.strings */,
				F3AF8AE719081D37000DA874 /* main.m */,
				F3AF8AE919081D37000DA874 /* Traxi-Prefix.pch */,
			);
			name = "Supporting Files";
			sourceTree = "<group>";
		};
		F3AF8B0319081D37000DA874 /* TraxiTests */ = {
			isa = PBXGroup;
			children = (
				F3AF8B0919081D37000DA874 /* TraxiTests.m */,
				F3AF8B0419081D37000DA874 /* Supporting Files */,
			);
			path = TraxiTests;
			sourceTree = "<group>";
		};
		F3AF8B0419081D37000DA874 /* Supporting Files */ = {
			isa = PBXGroup;
			children = (
				F3AF8B0519081D37000DA874 /* TraxiTests-Info.plist */,
				F3AF8B0619081D37000DA874 /* InfoPlist.strings */,
			);
			name = "Supporting Files";
			sourceTree = "<group>";
		};
/* End PBXGroup section */

/* Begin PBXNativeTarget section */
		F3AF8AD719081D36000DA874 /* Traxi */ = {
			isa = PBXNativeTarget;
			buildConfigurationList = F3AF8B0D19081D37000DA874 /* Build configuration list for PBXNativeTarget "Traxi" */;
			buildPhases = (
				F3AF8AD419081D36000DA874 /* Sources */,
				F3AF8AD519081D36000DA874 /* Frameworks */,
				F3AF8AD619081D36000DA874 /* Resources */,
			);
			buildRules = (
			);
			dependencies = (
			);
			name = Traxi;
			productName = Traxi;
			productReference = F3AF8AD819081D36000DA874 /* Traxi.app */;
			productType = "com.apple.product-type.application";
		};
		F3AF8AFB19081D37000DA874 /* TraxiTests */ = {
			isa = PBXNativeTarget;
			buildConfigurationList = F3AF8B1019081D37000DA874 /* Build configuration list for PBXNativeTarget "TraxiTests" */;
			buildPhases = (
				F3AF8AF819081D37000DA874 /* Sources */,
				F3AF8AF919081D37000DA874 /* Frameworks */,
				F3AF8AFA19081D37000DA874 /* Resources */,
			);
			buildRules = (
			);
			dependencies = (
				F3AF8B0219081D37000DA874 /* PBXTargetDependency */,
			);
			name = TraxiTests;
			productName = TraxiTests;
			productReference = F3AF8AFC19081D37000DA874 /* TraxiTests.xctest */;
			productType = "com.apple.product-type.bundle.unit-test";
		};
/* End PBXNativeTarget section */

/* Begin PBXProject section */
		F3AF8AD019081D36000DA874 /* Project object */ = {
			isa = PBXProject;
			attributes = {
				LastUpgradeCheck = 0510;
				ORGANIZATIONNAME = "Carlos Castellanos";
				TargetAttributes = {
					F3AF8AFB19081D37000DA874 = {
						TestTargetID = F3AF8AD719081D36000DA874;
					};
				};
			};
			buildConfigurationList = F3AF8AD319081D36000DA874 /* Build configuration list for PBXProject "Traxi" */;
			compatibilityVersion = "Xcode 3.2";
			developmentRegion = English;
			hasScannedForEncodings = 0;
			knownRegions = (
				en,
				Base,
			);
			mainGroup = F3AF8ACF19081D36000DA874;
			productRefGroup = F3AF8AD919081D36000DA874 /* Products */;
			projectDirPath = "";
			projectRoot = "";
			targets = (
				F3AF8AD719081D36000DA874 /* Traxi */,
				F3AF8AFB19081D37000DA874 /* TraxiTests */,
			);
		};
/* End PBXProject section */

/* Begin PBXResourcesBuildPhase section */
		F3AF8AD619081D36000DA874 /* Resources */ = {
			isa = PBXResourcesBuildPhase;
			buildActionMask = 2147483647;
			files = (
				F3AF8AF219081D37000DA874 /* Main_iPad.storyboard in Resources */,
				F3AF8AF719081D37000DA874 /* Images.xcassets in Resources */,
				F3AF8AEF19081D37000DA874 /* Main_iPhone.storyboard in Resources */,
				F3AF8AE619081D37000DA874 /* InfoPlist.strings in Resources */,
			);
			runOnlyForDeploymentPostprocessing = 0;
		};
		F3AF8AFA19081D37000DA874 /* Resources */ = {
			isa = PBXResourcesBuildPhase;
			buildActionMask = 2147483647;
			files = (
				F3AF8B0819081D37000DA874 /* InfoPlist.strings in Resources */,
			);
			runOnlyForDeploymentPostprocessing = 0;
		};
/* End PBXResourcesBuildPhase section */

/* Begin PBXSourcesBuildPhase section */
		F3AF8AD419081D36000DA874 /* Sources */ = {
			isa = PBXSourcesBuildPhase;
			buildActionMask = 2147483647;
			files = (
				F3AF8AF519081D37000DA874 /* ViewController.m in Sources */,
				F3AF8AEC19081D37000DA874 /* AppDelegate.m in Sources */,
				F3AF8AE819081D37000DA874 /* main.m in Sources */,
			);
			runOnlyForDeploymentPostprocessing = 0;
		};
		F3AF8AF819081D37000DA874 /* Sources */ = {
			isa = PBXSourcesBuildPhase;
			buildActionMask = 2147483647;
			files = (
				F3AF8B0A19081D37000DA874 /* TraxiTests.m in Sources */,
			);
			runOnlyForDeploymentPostprocessing = 0;
		};
/* End PBXSourcesBuildPhase section */

/* Begin PBXTargetDependency section */
		F3AF8B0219081D37000DA874 /* PBXTargetDependency */ = {
			isa = PBXTargetDependency;
			target = F3AF8AD719081D36000DA874 /* Traxi */;
			targetProxy = F3AF8B0119081D37000DA874 /* PBXContainerItemProxy */;
		};
/* End PBXTargetDependency section */

/* Begin PBXVariantGroup section */
		F3AF8AE419081D37000DA874 /* InfoPlist.strings */ = {
			isa = PBXVariantGroup;
			children = (
				F3AF8AE519081D37000DA874 /* en */,
			);
			name = InfoPlist.strings;
			sourceTree = "<group>";
		};
		F3AF8AED19081D37000DA874 /* Main_iPhone.storyboard */ = {
			isa = PBXVariantGroup;
			children = (
				F3AF8AEE19081D37000DA874 /* Base */,
			);
			name = Main_iPhone.storyboard;
			sourceTree = "<group>";
		};
		F3AF8AF019081D37000DA874 /* Main_iPad.storyboard */ = {
			isa = PBXVariantGroup;
			children = (
				F3AF8AF119081D37000DA874 /* Base */,
			);
			name = Main_iPad.storyboard;
			sourceTree = "<group>";
		};
		F3AF8B0619081D37000DA874 /* InfoPlist.strings */ = {
			isa = PBXVariantGroup;
			children = (
				F3AF8B0719081D37000DA874 /* en */,
			);
			name = InfoPlist.strings;
			sourceTree = "<group>";
		};
/* End PBXVariantGroup section */

/* Begin XCBuildConfiguration section */
		F3AF8B0B19081D37000DA874 /* Debug */ = {
			isa = XCBuildConfiguration;
			buildSettings = {
				ALWAYS_SEARCH_USER_PATHS = NO;
				CLANG_CXX_LANGUAGE_STANDARD = "gnu++0x";
				CLANG_CXX_LIBRARY = "libc++";
				CLANG_ENABLE_MODULES = YES;
				CLANG_ENABLE_OBJC_ARC = YES;
				CLANG_WARN_BOOL_CONVERSION = YES;
				CLANG_WARN_CONSTANT_CONVERSION = YES;
				CLANG_WARN_DIRECT_OBJC_ISA_USAGE = YES_ERROR;
				CLANG_WARN_EMPTY_BODY = YES;
				CLANG_WARN_ENUM_CONVERSION = YES;
				CLANG_WARN_INT_CONVERSION = YES;
				CLANG_WARN_OBJC_ROOT_CLASS = YES_ERROR;
				CLANG_WARN__DUPLICATE_METHOD_MATCH = YES;
				"CODE_SIGN_IDENTITY[sdk=iphoneos*]" = "iPhone Developer";
				COPY_PHASE_STRIP = NO;
				GCC_C_LANGUAGE_STANDARD = gnu99;
				GCC_DYNAMIC_NO_PIC = NO;
				GCC_OPTIMIZATION_LEVEL = 0;
				GCC_PREPROCESSOR_DEFINITIONS = (
					"DEBUG=1",
					"$(inherited)",
				);
				GCC_SYMBOLS_PRIVATE_EXTERN = NO;
				GCC_WARN_64_TO_32_BIT_CONVERSION = YES;
				GCC_WARN_ABOUT_RETURN_TYPE = YES_ERROR;
				GCC_WARN_UNDECLARED_SELECTOR = YES;
				GCC_WARN_UNINITIALIZED_AUTOS = YES_AGGRESSIVE;
				GCC_WARN_UNUSED_FUNCTION = YES;
				GCC_WARN_UNUSED_VARIABLE = YES;
				IPHONEOS_DEPLOYMENT_TARGET = 7.1;
				ONLY_ACTIVE_ARCH = YES;
				SDKROOT = iphoneos;
				TARGETED_DEVICE_FAMILY = "1,2";
			};
			name = Debug;
		};
		F3AF8B0C19081D37000DA874 /* Release */ = {
			isa = XCBuildConfiguration;
			buildSettings = {
				ALWAYS_SEARCH_USER_PATHS = NO;
				CLANG_CXX_LANGUAGE_STANDARD = "gnu++0x";
				CLANG_CXX_LIBRARY = "libc++";
				CLANG_ENABLE_MODULES = YES;
				CLANG_ENABLE_OBJC_ARC = YES;
				CLANG_WARN_BOOL_CONVERSION = YES;
				CLANG_WARN_CONSTANT_CONVERSION = YES;
				CLANG_WARN_DIRECT_OBJC_ISA_USAGE = YES_ERROR;
				CLANG_WARN_EMPTY_BODY = YES;
				CLANG_WARN_ENUM_CONVERSION = YES;
				CLANG_WARN_INT_CONVERSION = YES;
				CLANG_WARN_OBJC_ROOT_CLASS = YES_ERROR;
				CLANG_WARN__DUPLICATE_METHOD_MATCH = YES;
				"CODE_SIGN_IDENTITY[sdk=iphoneos*]" = "iPhone Developer";
				COPY_PHASE_STRIP = YES;
				ENABLE_NS_ASSERTIONS = NO;
				GCC_C_LANGUAGE_STANDARD = gnu99;
				GCC_WARN_64_TO_32_BIT_CONVERSION = YES;
				GCC_WARN_ABOUT_RETURN_TYPE = YES_ERROR;
				GCC_WARN_UNDECLARED_SELECTOR = YES;
				GCC_WARN_UNINITIALIZED_AUTOS = YES_AGGRESSIVE;
				GCC_WARN_UNUSED_FUNCTION = YES;
				GCC_WARN_UNUSED_VARIABLE = YES;
				IPHONEOS_DEPLOYMENT_TARGET = 7.1;
				SDKROOT = iphoneos;
				TARGETED_DEVICE_FAMILY = "1,2";
				VALIDATE_PRODUCT = YES;
			};
			name = Release;
		};
		F3AF8B0E19081D37000DA874 /* Debug */ = {
			isa = XCBuildConfiguration;
			buildSettings = {
				ASSETCATALOG_COMPILER_APPICON_NAME = AppIcon;
				ASSETCATALOG_COMPILER_LAUNCHIMAGE_NAME = LaunchImage;
				GCC_PRECOMPILE_PREFIX_HEADER = YES;
				GCC_PREFIX_HEADER = "Traxi/Traxi-Prefix.pch";
				INFOPLIST_FILE = "Traxi/Traxi-Info.plist";
				PRODUCT_NAME = "$(TARGET_NAME)";
				WRAPPER_EXTENSION = app;
			};
			name = Debug;
		};
		F3AF8B0F19081D37000DA874 /* Release */ = {
			isa = XCBuildConfiguration;
			buildSettings = {
				ASSETCATALOG_COMPILER_APPICON_NAME = AppIcon;
				ASSETCATALOG_COMPILER_LAUNCHIMAGE_NAME = LaunchImage;
				GCC_PRECOMPILE_PREFIX_HEADER = YES;
				GCC_PREFIX_HEADER = "Traxi/Traxi-Prefix.pch";
				INFOPLIST_FILE = "Traxi/Traxi-Info.plist";
				PRODUCT_NAME = "$(TARGET_NAME)";
				WRAPPER_EXTENSION = app;
			};
			name = Release;
		};
		F3AF8B1119081D37000DA874 /* Debug */ = {
			isa = XCBuildConfiguration;
			buildSettings = {
				BUNDLE_LOADER = "$(BUILT_PRODUCTS_DIR)/Traxi.app/Traxi";
				FRAMEWORK_SEARCH_PATHS = (
					"$(SDKROOT)/Developer/Library/Frameworks",
					"$(inherited)",
					"$(DEVELOPER_FRAMEWORKS_DIR)",
				);
				GCC_PRECOMPILE_PREFIX_HEADER = YES;
				GCC_PREFIX_HEADER = "Traxi/Traxi-Prefix.pch";
				GCC_PREPROCESSOR_DEFINITIONS = (
					"DEBUG=1",
					"$(inherited)",
				);
				INFOPLIST_FILE = "TraxiTests/TraxiTests-Info.plist";
				PRODUCT_NAME = "$(TARGET_NAME)";
				TEST_HOST = "$(BUNDLE_LOADER)";
				WRAPPER_EXTENSION = xctest;
			};
			name = Debug;
		};
		F3AF8B1219081D37000DA874 /* Release */ = {
			isa = XCBuildConfiguration;
			buildSettings = {
				BUNDLE_LOADER = "$(BUILT_PRODUCTS_DIR)/Traxi.app/Traxi";
				FRAMEWORK_SEARCH_PATHS = (
					"$(SDKROOT)/Developer/Library/Frameworks",
					"$(inherited)",
					"$(DEVELOPER_FRAMEWORKS_DIR)",
				);
				GCC_PRECOMPILE_PREFIX_HEADER = YES;
				GCC_PREFIX_HEADER = "Traxi/Traxi-Prefix.pch";
				INFOPLIST_FILE = "TraxiTests/TraxiTests-Info.plist";
				PRODUCT_NAME = "$(TARGET_NAME)";
				TEST_HOST = "$(BUNDLE_LOADER)";
				WRAPPER_EXTENSION = xctest;
			};
			name = Release;
		};
/* End XCBuildConfiguration section */

/* Begin XCConfigurationList section */
		F3AF8AD319081D36000DA874 /* Build configuration list for PBXProject "Traxi" */ = {
			isa = XCConfigurationList;
			buildConfigurations = (
				F3AF8B0B19081D37000DA874 /* Debug */,
				F3AF8B0C19081D37000DA874 /* Release */,
			);
			defaultConfigurationIsVisible = 0;
			defaultConfigurationName = Release;
		};
		F3AF8B0D19081D37000DA874 /* Build configuration list for PBXNativeTarget "Traxi" */ = {
			isa = XCConfigurationList;
			buildConfigurations = (
				F3AF8B0E19081D37000DA874 /* Debug */,
				F3AF8B0F19081D37000DA874 /* Release */,
			);
			defaultConfigurationIsVisible = 0;
		};
		F3AF8B1019081D37000DA874 /* Build configuration list for PBXNativeTarget "TraxiTests" */ = {
			isa = XCConfigurationList;
			buildConfigurations = (
				F3AF8B1119081D37000DA874 /* Debug */,
				F3AF8B1219081D37000DA874 /* Release */,
			);
			defaultConfigurationIsVisible = 0;
		};
/* End XCConfigurationList section */
	};
	rootObject = F3AF8AD019081D36000DA874 /* Project object */;
}
